// !$*UTF8*$!
{
	archiveVersion = 1;
	classes = {
	};
	objectVersion = 77;
	objects = {

/* Begin PBXBuildFile section */
		A70F24762CB51041003E34B4 /* .gitignore in Resources */ = {isa = PBXBuildFile; fileRef = A70F24752CB51037003E34B4 /* .gitignore */; };
		A72F3F572D21D56F00B46CD4 /* InfomaniakRichHTMLEditor in Frameworks */ = {isa = PBXBuildFile; productRef = A72F3F562D21D56F00B46CD4 /* InfomaniakRichHTMLEditor */; };
		A79CA7982CCC100400D6A883 /* RichText in Frameworks */ = {isa = PBXBuildFile; productRef = A79CA7972CCC100400D6A883 /* RichText */; };
		A7B4CFE52D0DF5950077561F /* AppAuth in Frameworks */ = {isa = PBXBuildFile; productRef = A7B4CFE42D0DF5950077561F /* AppAuth */; };
		A7B4CFE72D0DF5950077561F /* AppAuthCore in Frameworks */ = {isa = PBXBuildFile; productRef = A7B4CFE62D0DF5950077561F /* AppAuthCore */; };
		A7B4CFE92D0DF5950077561F /* AppAuthTV in Frameworks */ = {isa = PBXBuildFile; productRef = A7B4CFE82D0DF5950077561F /* AppAuthTV */; };
		A7D5C0152D1A9DD700377D0F /* FirebaseAnalytics in Frameworks */ = {isa = PBXBuildFile; productRef = A7D5C0142D1A9DD700377D0F /* FirebaseAnalytics */; };
		A7D5C0172D1A9DD700377D0F /* FirebaseAnalyticsOnDeviceConversion in Frameworks */ = {isa = PBXBuildFile; productRef = A7D5C0162D1A9DD700377D0F /* FirebaseAnalyticsOnDeviceConversion */; };
		A7D5C0192D1A9DD700377D0F /* FirebaseAnalyticsWithoutAdIdSupport in Frameworks */ = {isa = PBXBuildFile; productRef = A7D5C0182D1A9DD700377D0F /* FirebaseAnalyticsWithoutAdIdSupport */; };
		A7D5C01B2D1A9DD700377D0F /* FirebaseAppCheck in Frameworks */ = {isa = PBXBuildFile; productRef = A7D5C01A2D1A9DD700377D0F /* FirebaseAppCheck */; };
		A7D5C01D2D1A9DD700377D0F /* FirebaseAppDistribution-Beta in Frameworks */ = {isa = PBXBuildFile; productRef = A7D5C01C2D1A9DD700377D0F /* FirebaseAppDistribution-Beta */; };
		A7D5C01F2D1A9DD700377D0F /* FirebaseAuth in Frameworks */ = {isa = PBXBuildFile; productRef = A7D5C01E2D1A9DD700377D0F /* FirebaseAuth */; };
		A7D5C0212D1A9DD700377D0F /* FirebaseAuthCombine-Community in Frameworks */ = {isa = PBXBuildFile; productRef = A7D5C0202D1A9DD700377D0F /* FirebaseAuthCombine-Community */; };
		A7D5C0232D1A9DD700377D0F /* FirebaseCore in Frameworks */ = {isa = PBXBuildFile; productRef = A7D5C0222D1A9DD700377D0F /* FirebaseCore */; };
		A7D5C0252D1A9DD700377D0F /* FirebaseCrashlytics in Frameworks */ = {isa = PBXBuildFile; productRef = A7D5C0242D1A9DD700377D0F /* FirebaseCrashlytics */; };
		A7D5C0272D1A9DD700377D0F /* FirebaseDatabase in Frameworks */ = {isa = PBXBuildFile; productRef = A7D5C0262D1A9DD700377D0F /* FirebaseDatabase */; };
		A7D5C0292D1A9DD700377D0F /* FirebaseDynamicLinks in Frameworks */ = {isa = PBXBuildFile; productRef = A7D5C0282D1A9DD700377D0F /* FirebaseDynamicLinks */; };
		A7D5C02B2D1A9DD700377D0F /* FirebaseFirestore in Frameworks */ = {isa = PBXBuildFile; productRef = A7D5C02A2D1A9DD700377D0F /* FirebaseFirestore */; };
		A7D5C02D2D1A9DD700377D0F /* FirebaseFirestoreCombine-Community in Frameworks */ = {isa = PBXBuildFile; productRef = A7D5C02C2D1A9DD700377D0F /* FirebaseFirestoreCombine-Community */; };
		A7D5C02F2D1A9DD700377D0F /* FirebaseFunctions in Frameworks */ = {isa = PBXBuildFile; productRef = A7D5C02E2D1A9DD700377D0F /* FirebaseFunctions */; };
		A7D5C0312D1A9DD700377D0F /* FirebaseFunctionsCombine-Community in Frameworks */ = {isa = PBXBuildFile; productRef = A7D5C0302D1A9DD700377D0F /* FirebaseFunctionsCombine-Community */; };
		A7D5C0332D1A9DD700377D0F /* FirebaseInAppMessaging-Beta in Frameworks */ = {isa = PBXBuildFile; productRef = A7D5C0322D1A9DD700377D0F /* FirebaseInAppMessaging-Beta */; };
		A7D5C0352D1A9DD700377D0F /* FirebaseInstallations in Frameworks */ = {isa = PBXBuildFile; productRef = A7D5C0342D1A9DD700377D0F /* FirebaseInstallations */; };
		A7D5C0372D1A9DD700377D0F /* FirebaseMLModelDownloader in Frameworks */ = {isa = PBXBuildFile; productRef = A7D5C0362D1A9DD700377D0F /* FirebaseMLModelDownloader */; };
		A7D5C0392D1A9DD700377D0F /* FirebaseMessaging in Frameworks */ = {isa = PBXBuildFile; productRef = A7D5C0382D1A9DD700377D0F /* FirebaseMessaging */; };
		A7D5C03B2D1A9DD700377D0F /* FirebasePerformance in Frameworks */ = {isa = PBXBuildFile; productRef = A7D5C03A2D1A9DD700377D0F /* FirebasePerformance */; };
		A7D5C03D2D1A9DD700377D0F /* FirebaseRemoteConfig in Frameworks */ = {isa = PBXBuildFile; productRef = A7D5C03C2D1A9DD700377D0F /* FirebaseRemoteConfig */; };
		A7D5C03F2D1A9DD700377D0F /* FirebaseStorage in Frameworks */ = {isa = PBXBuildFile; productRef = A7D5C03E2D1A9DD700377D0F /* FirebaseStorage */; };
		A7D5C0412D1A9DD700377D0F /* FirebaseStorageCombine-Community in Frameworks */ = {isa = PBXBuildFile; productRef = A7D5C0402D1A9DD700377D0F /* FirebaseStorageCombine-Community */; };
		A7D5C0432D1A9DD700377D0F /* FirebaseVertexAI in Frameworks */ = {isa = PBXBuildFile; productRef = A7D5C0422D1A9DD700377D0F /* FirebaseVertexAI */; };
		A7EC10522CBFB7B80018D5A6 /* Kingfisher in Frameworks */ = {isa = PBXBuildFile; productRef = A7EC10512CBFB7B80018D5A6 /* Kingfisher */; };
/* End PBXBuildFile section */

/* Begin PBXContainerItemProxy section */
		A7099AFA2CA991CF00314440 /* PBXContainerItemProxy */ = {
			isa = PBXContainerItemProxy;
			containerPortal = A7099AE12CA991CE00314440 /* Project object */;
			proxyType = 1;
			remoteGlobalIDString = A7099AE82CA991CE00314440;
			remoteInfo = "Pfadi Seesturm";
		};
		A7099B042CA991CF00314440 /* PBXContainerItemProxy */ = {
			isa = PBXContainerItemProxy;
			containerPortal = A7099AE12CA991CE00314440 /* Project object */;
			proxyType = 1;
			remoteGlobalIDString = A7099AE82CA991CE00314440;
			remoteInfo = "Pfadi Seesturm";
		};
/* End PBXContainerItemProxy section */

/* Begin PBXFileReference section */
		A7099AE92CA991CE00314440 /* Pfadi Seesturm.app */ = {isa = PBXFileReference; explicitFileType = wrapper.application; includeInIndex = 0; path = "Pfadi Seesturm.app"; sourceTree = BUILT_PRODUCTS_DIR; };
		A7099AF92CA991CF00314440 /* Pfadi SeesturmTests.xctest */ = {isa = PBXFileReference; explicitFileType = wrapper.cfbundle; includeInIndex = 0; path = "Pfadi SeesturmTests.xctest"; sourceTree = BUILT_PRODUCTS_DIR; };
		A7099B032CA991CF00314440 /* Pfadi SeesturmUITests.xctest */ = {isa = PBXFileReference; explicitFileType = wrapper.cfbundle; includeInIndex = 0; path = "Pfadi SeesturmUITests.xctest"; sourceTree = BUILT_PRODUCTS_DIR; };
		A70F24752CB51037003E34B4 /* .gitignore */ = {isa = PBXFileReference; lastKnownFileType = text; path = .gitignore; sourceTree = "<group>"; };
/* End PBXFileReference section */

/* Begin PBXFileSystemSynchronizedRootGroup section */
		A7099AEB2CA991CE00314440 /* Pfadi Seesturm */ = {
			isa = PBXFileSystemSynchronizedRootGroup;
			path = "Pfadi Seesturm";
			sourceTree = "<group>";
		};
		A7099AFC2CA991CF00314440 /* Pfadi SeesturmTests */ = {
			isa = PBXFileSystemSynchronizedRootGroup;
			path = "Pfadi SeesturmTests";
			sourceTree = "<group>";
		};
		A7099B062CA991CF00314440 /* Pfadi SeesturmUITests */ = {
			isa = PBXFileSystemSynchronizedRootGroup;
			path = "Pfadi SeesturmUITests";
			sourceTree = "<group>";
		};
/* End PBXFileSystemSynchronizedRootGroup section */

/* Begin PBXFrameworksBuildPhase section */
		A7099AE62CA991CE00314440 /* Frameworks */ = {
			isa = PBXFrameworksBuildPhase;
			buildActionMask = 2147483647;
			files = (
				A7D5C0392D1A9DD700377D0F /* FirebaseMessaging in Frameworks */,
				A7D5C0272D1A9DD700377D0F /* FirebaseDatabase in Frameworks */,
				A7B4CFE52D0DF5950077561F /* AppAuth in Frameworks */,
				A7EC10522CBFB7B80018D5A6 /* Kingfisher in Frameworks */,
				A7D5C0312D1A9DD700377D0F /* FirebaseFunctionsCombine-Community in Frameworks */,
				A7D5C0432D1A9DD700377D0F /* FirebaseVertexAI in Frameworks */,
				A7D5C02D2D1A9DD700377D0F /* FirebaseFirestoreCombine-Community in Frameworks */,
				A7D5C0152D1A9DD700377D0F /* FirebaseAnalytics in Frameworks */,
				A7D5C02B2D1A9DD700377D0F /* FirebaseFirestore in Frameworks */,
				A7D5C0252D1A9DD700377D0F /* FirebaseCrashlytics in Frameworks */,
				A7D5C0332D1A9DD700377D0F /* FirebaseInAppMessaging-Beta in Frameworks */,
				A7D5C0372D1A9DD700377D0F /* FirebaseMLModelDownloader in Frameworks */,
				A7D5C0172D1A9DD700377D0F /* FirebaseAnalyticsOnDeviceConversion in Frameworks */,
				A72F3F572D21D56F00B46CD4 /* InfomaniakRichHTMLEditor in Frameworks */,
				A7B4CFE92D0DF5950077561F /* AppAuthTV in Frameworks */,
				A7D5C0352D1A9DD700377D0F /* FirebaseInstallations in Frameworks */,
				A79CA7982CCC100400D6A883 /* RichText in Frameworks */,
				A7D5C02F2D1A9DD700377D0F /* FirebaseFunctions in Frameworks */,
				A7B4CFE72D0DF5950077561F /* AppAuthCore in Frameworks */,
				A7D5C03B2D1A9DD700377D0F /* FirebasePerformance in Frameworks */,
				A7D5C0212D1A9DD700377D0F /* FirebaseAuthCombine-Community in Frameworks */,
				A7D5C0232D1A9DD700377D0F /* FirebaseCore in Frameworks */,
				A7D5C03F2D1A9DD700377D0F /* FirebaseStorage in Frameworks */,
				A7D5C0292D1A9DD700377D0F /* FirebaseDynamicLinks in Frameworks */,
				A7D5C0412D1A9DD700377D0F /* FirebaseStorageCombine-Community in Frameworks */,
				A7D5C01F2D1A9DD700377D0F /* FirebaseAuth in Frameworks */,
				A7D5C01D2D1A9DD700377D0F /* FirebaseAppDistribution-Beta in Frameworks */,
				A7D5C03D2D1A9DD700377D0F /* FirebaseRemoteConfig in Frameworks */,
				A7D5C01B2D1A9DD700377D0F /* FirebaseAppCheck in Frameworks */,
				A7D5C0192D1A9DD700377D0F /* FirebaseAnalyticsWithoutAdIdSupport in Frameworks */,
			);
			runOnlyForDeploymentPostprocessing = 0;
		};
		A7099AF62CA991CF00314440 /* Frameworks */ = {
			isa = PBXFrameworksBuildPhase;
			buildActionMask = 2147483647;
			files = (
			);
			runOnlyForDeploymentPostprocessing = 0;
		};
		A7099B002CA991CF00314440 /* Frameworks */ = {
			isa = PBXFrameworksBuildPhase;
			buildActionMask = 2147483647;
			files = (
			);
			runOnlyForDeploymentPostprocessing = 0;
		};
/* End PBXFrameworksBuildPhase section */

/* Begin PBXGroup section */
		A7099AE02CA991CE00314440 = {
			isa = PBXGroup;
			children = (
				A70F24752CB51037003E34B4 /* .gitignore */,
				A7099AEB2CA991CE00314440 /* Pfadi Seesturm */,
				A7099AFC2CA991CF00314440 /* Pfadi SeesturmTests */,
				A7099B062CA991CF00314440 /* Pfadi SeesturmUITests */,
				A7099AEA2CA991CE00314440 /* Products */,
			);
			sourceTree = "<group>";
		};
		A7099AEA2CA991CE00314440 /* Products */ = {
			isa = PBXGroup;
			children = (
				A7099AE92CA991CE00314440 /* Pfadi Seesturm.app */,
				A7099AF92CA991CF00314440 /* Pfadi SeesturmTests.xctest */,
				A7099B032CA991CF00314440 /* Pfadi SeesturmUITests.xctest */,
			);
			name = Products;
			sourceTree = "<group>";
		};
/* End PBXGroup section */

/* Begin PBXNativeTarget section */
		A7099AE82CA991CE00314440 /* Pfadi Seesturm */ = {
			isa = PBXNativeTarget;
			buildConfigurationList = A7099B0D2CA991CF00314440 /* Build configuration list for PBXNativeTarget "Pfadi Seesturm" */;
			buildPhases = (
				A7099AE52CA991CE00314440 /* Sources */,
				A7099AE62CA991CE00314440 /* Frameworks */,
				A7099AE72CA991CE00314440 /* Resources */,
				A763CBF82D207C60008D7FE4 /* Copy Firebase Config File */,
				A7B3D3722D20744A00E40FD6 /* Firebase Crashlytics */,
			);
			buildRules = (
			);
			dependencies = (
			);
			fileSystemSynchronizedGroups = (
				A7099AEB2CA991CE00314440 /* Pfadi Seesturm */,
			);
			name = "Pfadi Seesturm";
			packageProductDependencies = (
				A7EC10512CBFB7B80018D5A6 /* Kingfisher */,
				A79CA7972CCC100400D6A883 /* RichText */,
				A7B4CFE42D0DF5950077561F /* AppAuth */,
				A7B4CFE62D0DF5950077561F /* AppAuthCore */,
				A7B4CFE82D0DF5950077561F /* AppAuthTV */,
				A7D5C0142D1A9DD700377D0F /* FirebaseAnalytics */,
				A7D5C0162D1A9DD700377D0F /* FirebaseAnalyticsOnDeviceConversion */,
				A7D5C0182D1A9DD700377D0F /* FirebaseAnalyticsWithoutAdIdSupport */,
				A7D5C01A2D1A9DD700377D0F /* FirebaseAppCheck */,
				A7D5C01C2D1A9DD700377D0F /* FirebaseAppDistribution-Beta */,
				A7D5C01E2D1A9DD700377D0F /* FirebaseAuth */,
				A7D5C0202D1A9DD700377D0F /* FirebaseAuthCombine-Community */,
				A7D5C0222D1A9DD700377D0F /* FirebaseCore */,
				A7D5C0242D1A9DD700377D0F /* FirebaseCrashlytics */,
				A7D5C0262D1A9DD700377D0F /* FirebaseDatabase */,
				A7D5C0282D1A9DD700377D0F /* FirebaseDynamicLinks */,
				A7D5C02A2D1A9DD700377D0F /* FirebaseFirestore */,
				A7D5C02C2D1A9DD700377D0F /* FirebaseFirestoreCombine-Community */,
				A7D5C02E2D1A9DD700377D0F /* FirebaseFunctions */,
				A7D5C0302D1A9DD700377D0F /* FirebaseFunctionsCombine-Community */,
				A7D5C0322D1A9DD700377D0F /* FirebaseInAppMessaging-Beta */,
				A7D5C0342D1A9DD700377D0F /* FirebaseInstallations */,
				A7D5C0362D1A9DD700377D0F /* FirebaseMLModelDownloader */,
				A7D5C0382D1A9DD700377D0F /* FirebaseMessaging */,
				A7D5C03A2D1A9DD700377D0F /* FirebasePerformance */,
				A7D5C03C2D1A9DD700377D0F /* FirebaseRemoteConfig */,
				A7D5C03E2D1A9DD700377D0F /* FirebaseStorage */,
				A7D5C0402D1A9DD700377D0F /* FirebaseStorageCombine-Community */,
				A7D5C0422D1A9DD700377D0F /* FirebaseVertexAI */,
				A72F3F562D21D56F00B46CD4 /* InfomaniakRichHTMLEditor */,
			);
			productName = "Pfadi Seesturm";
			productReference = A7099AE92CA991CE00314440 /* Pfadi Seesturm.app */;
			productType = "com.apple.product-type.application";
		};
		A7099AF82CA991CF00314440 /* Pfadi SeesturmTests */ = {
			isa = PBXNativeTarget;
			buildConfigurationList = A7099B102CA991CF00314440 /* Build configuration list for PBXNativeTarget "Pfadi SeesturmTests" */;
			buildPhases = (
				A7099AF52CA991CF00314440 /* Sources */,
				A7099AF62CA991CF00314440 /* Frameworks */,
				A7099AF72CA991CF00314440 /* Resources */,
			);
			buildRules = (
			);
			dependencies = (
				A7099AFB2CA991CF00314440 /* PBXTargetDependency */,
			);
			fileSystemSynchronizedGroups = (
				A7099AFC2CA991CF00314440 /* Pfadi SeesturmTests */,
			);
			name = "Pfadi SeesturmTests";
			packageProductDependencies = (
			);
			productName = "Pfadi SeesturmTests";
			productReference = A7099AF92CA991CF00314440 /* Pfadi SeesturmTests.xctest */;
			productType = "com.apple.product-type.bundle.unit-test";
		};
		A7099B022CA991CF00314440 /* Pfadi SeesturmUITests */ = {
			isa = PBXNativeTarget;
			buildConfigurationList = A7099B132CA991CF00314440 /* Build configuration list for PBXNativeTarget "Pfadi SeesturmUITests" */;
			buildPhases = (
				A7099AFF2CA991CF00314440 /* Sources */,
				A7099B002CA991CF00314440 /* Frameworks */,
				A7099B012CA991CF00314440 /* Resources */,
			);
			buildRules = (
			);
			dependencies = (
				A7099B052CA991CF00314440 /* PBXTargetDependency */,
			);
			fileSystemSynchronizedGroups = (
				A7099B062CA991CF00314440 /* Pfadi SeesturmUITests */,
			);
			name = "Pfadi SeesturmUITests";
			packageProductDependencies = (
			);
			productName = "Pfadi SeesturmUITests";
			productReference = A7099B032CA991CF00314440 /* Pfadi SeesturmUITests.xctest */;
			productType = "com.apple.product-type.bundle.ui-testing";
		};
/* End PBXNativeTarget section */

/* Begin PBXProject section */
		A7099AE12CA991CE00314440 /* Project object */ = {
			isa = PBXProject;
			attributes = {
				BuildIndependentTargetsInParallel = 1;
				LastSwiftUpdateCheck = 1600;
				LastUpgradeCheck = 1600;
				TargetAttributes = {
					A7099AE82CA991CE00314440 = {
						CreatedOnToolsVersion = 16.0;
					};
					A7099AF82CA991CF00314440 = {
						CreatedOnToolsVersion = 16.0;
						TestTargetID = A7099AE82CA991CE00314440;
					};
					A7099B022CA991CF00314440 = {
						CreatedOnToolsVersion = 16.0;
						TestTargetID = A7099AE82CA991CE00314440;
					};
				};
			};
			buildConfigurationList = A7099AE42CA991CE00314440 /* Build configuration list for PBXProject "Pfadi Seesturm" */;
			developmentRegion = de;
			hasScannedForEncodings = 0;
			knownRegions = (
				Base,
				de,
			);
			mainGroup = A7099AE02CA991CE00314440;
			minimizedProjectReferenceProxies = 1;
			packageReferences = (
				A7EC10502CBFB7B80018D5A6 /* XCRemoteSwiftPackageReference "Kingfisher" */,
				A79CA7962CCC100400D6A883 /* XCRemoteSwiftPackageReference "RichText" */,
				A7B4CFE32D0DF5950077561F /* XCRemoteSwiftPackageReference "AppAuth-iOS" */,
				A7D5C0132D1A9DD700377D0F /* XCRemoteSwiftPackageReference "firebase-ios-sdk" */,
				A72F3F552D21D56F00B46CD4 /* XCRemoteSwiftPackageReference "swift-rich-html-editor" */,
			);
			preferredProjectObjectVersion = 77;
			productRefGroup = A7099AEA2CA991CE00314440 /* Products */;
			projectDirPath = "";
			projectRoot = "";
			targets = (
				A7099AE82CA991CE00314440 /* Pfadi Seesturm */,
				A7099AF82CA991CF00314440 /* Pfadi SeesturmTests */,
				A7099B022CA991CF00314440 /* Pfadi SeesturmUITests */,
			);
		};
/* End PBXProject section */

/* Begin PBXResourcesBuildPhase section */
		A7099AE72CA991CE00314440 /* Resources */ = {
			isa = PBXResourcesBuildPhase;
			buildActionMask = 2147483647;
			files = (
				A70F24762CB51041003E34B4 /* .gitignore in Resources */,
			);
			runOnlyForDeploymentPostprocessing = 0;
		};
		A7099AF72CA991CF00314440 /* Resources */ = {
			isa = PBXResourcesBuildPhase;
			buildActionMask = 2147483647;
			files = (
			);
			runOnlyForDeploymentPostprocessing = 0;
		};
		A7099B012CA991CF00314440 /* Resources */ = {
			isa = PBXResourcesBuildPhase;
			buildActionMask = 2147483647;
			files = (
			);
			runOnlyForDeploymentPostprocessing = 0;
		};
/* End PBXResourcesBuildPhase section */

/* Begin PBXShellScriptBuildPhase section */
		A763CBF82D207C60008D7FE4 /* Copy Firebase Config File */ = {
			isa = PBXShellScriptBuildPhase;
			alwaysOutOfDate = 1;
			buildActionMask = 2147483647;
			files = (
			);
			inputFileListPaths = (
			);
			inputPaths = (
			);
			name = "Copy Firebase Config File";
			outputFileListPaths = (
			);
			outputPaths = (
			);
			runOnlyForDeploymentPostprocessing = 0;
			shellPath = /bin/sh;
			shellScript = "# Replace these with the correct plist filenames\nDEBUG_PLIST=\"GoogleService-Info-Debug.plist\"\nRELEASE_PLIST=\"GoogleService-Info-Release.plist\"\n\nif [ \"$CONFIGURATION\" == \"Debug\" ]; then\n    echo \"Using Debug GoogleService-Info.plist\"\n    cp \"${PROJECT_DIR}/Pfadi Seesturm/FirebaseConfig/${DEBUG_PLIST}\" \\\n       \"${BUILT_PRODUCTS_DIR}/${PRODUCT_NAME}.app/GoogleService-Info.plist\"\nelse\n    echo \"Using Release GoogleService-Info.plist\"\n    cp \"${PROJECT_DIR}/Pfadi Seesturm/FirebaseConfig/${RELEASE_PLIST}\" \\\n       \"${BUILT_PRODUCTS_DIR}/${PRODUCT_NAME}.app/GoogleService-Info.plist\"\nfi\n";
		};
		A7B3D3722D20744A00E40FD6 /* Firebase Crashlytics */ = {
			isa = PBXShellScriptBuildPhase;
			alwaysOutOfDate = 1;
			buildActionMask = 2147483647;
			files = (
			);
			inputFileListPaths = (
			);
			inputPaths = (
				"${DWARF_DSYM_FOLDER_PATH}/${DWARF_DSYM_FILE_NAME}",
				"${DWARF_DSYM_FOLDER_PATH}/${DWARF_DSYM_FILE_NAME}/Contents/Resources/DWARF/${PRODUCT_NAME}",
				"${DWARF_DSYM_FOLDER_PATH}/${DWARF_DSYM_FILE_NAME}/Contents/Info.plist",
				"$(TARGET_BUILD_DIR)/$(UNLOCALIZED_RESOURCES_FOLDER_PATH)/GoogleService-Info.plist",
				"$(TARGET_BUILD_DIR)/$(EXECUTABLE_PATH)",
			);
			name = "Firebase Crashlytics";
			outputFileListPaths = (
			);
			outputPaths = (
			);
			runOnlyForDeploymentPostprocessing = 0;
			shellPath = /bin/sh;
			shellScript = "\"${BUILD_DIR%/Build/*}/SourcePackages/checkouts/firebase-ios-sdk/Crashlytics/run\"\n";
		};
/* End PBXShellScriptBuildPhase section */

/* Begin PBXSourcesBuildPhase section */
		A7099AE52CA991CE00314440 /* Sources */ = {
			isa = PBXSourcesBuildPhase;
			buildActionMask = 2147483647;
			files = (
			);
			runOnlyForDeploymentPostprocessing = 0;
		};
		A7099AF52CA991CF00314440 /* Sources */ = {
			isa = PBXSourcesBuildPhase;
			buildActionMask = 2147483647;
			files = (
			);
			runOnlyForDeploymentPostprocessing = 0;
		};
		A7099AFF2CA991CF00314440 /* Sources */ = {
			isa = PBXSourcesBuildPhase;
			buildActionMask = 2147483647;
			files = (
			);
			runOnlyForDeploymentPostprocessing = 0;
		};
/* End PBXSourcesBuildPhase section */

/* Begin PBXTargetDependency section */
		A7099AFB2CA991CF00314440 /* PBXTargetDependency */ = {
			isa = PBXTargetDependency;
			target = A7099AE82CA991CE00314440 /* Pfadi Seesturm */;
			targetProxy = A7099AFA2CA991CF00314440 /* PBXContainerItemProxy */;
		};
		A7099B052CA991CF00314440 /* PBXTargetDependency */ = {
			isa = PBXTargetDependency;
			target = A7099AE82CA991CE00314440 /* Pfadi Seesturm */;
			targetProxy = A7099B042CA991CF00314440 /* PBXContainerItemProxy */;
		};
/* End PBXTargetDependency section */

/* Begin XCBuildConfiguration section */
		A7099B0B2CA991CF00314440 /* Debug */ = {
			isa = XCBuildConfiguration;
			buildSettings = {
				ALWAYS_SEARCH_USER_PATHS = NO;
				ASSETCATALOG_COMPILER_GENERATE_SWIFT_ASSET_SYMBOL_EXTENSIONS = YES;
				CLANG_ANALYZER_NONNULL = YES;
				CLANG_ANALYZER_NUMBER_OBJECT_CONVERSION = YES_AGGRESSIVE;
				CLANG_CXX_LANGUAGE_STANDARD = "gnu++20";
				CLANG_ENABLE_MODULES = YES;
				CLANG_ENABLE_OBJC_ARC = YES;
				CLANG_ENABLE_OBJC_WEAK = YES;
				CLANG_WARN_BLOCK_CAPTURE_AUTORELEASING = YES;
				CLANG_WARN_BOOL_CONVERSION = YES;
				CLANG_WARN_COMMA = YES;
				CLANG_WARN_CONSTANT_CONVERSION = YES;
				CLANG_WARN_DEPRECATED_OBJC_IMPLEMENTATIONS = YES;
				CLANG_WARN_DIRECT_OBJC_ISA_USAGE = YES_ERROR;
				CLANG_WARN_DOCUMENTATION_COMMENTS = YES;
				CLANG_WARN_EMPTY_BODY = YES;
				CLANG_WARN_ENUM_CONVERSION = YES;
				CLANG_WARN_INFINITE_RECURSION = YES;
				CLANG_WARN_INT_CONVERSION = YES;
				CLANG_WARN_NON_LITERAL_NULL_CONVERSION = YES;
				CLANG_WARN_OBJC_IMPLICIT_RETAIN_SELF = YES;
				CLANG_WARN_OBJC_LITERAL_CONVERSION = YES;
				CLANG_WARN_OBJC_ROOT_CLASS = YES_ERROR;
				CLANG_WARN_QUOTED_INCLUDE_IN_FRAMEWORK_HEADER = YES;
				CLANG_WARN_RANGE_LOOP_ANALYSIS = YES;
				CLANG_WARN_STRICT_PROTOTYPES = YES;
				CLANG_WARN_SUSPICIOUS_MOVE = YES;
				CLANG_WARN_UNGUARDED_AVAILABILITY = YES_AGGRESSIVE;
				CLANG_WARN_UNREACHABLE_CODE = YES;
				CLANG_WARN__DUPLICATE_METHOD_MATCH = YES;
				COPY_PHASE_STRIP = NO;
				DEBUG_INFORMATION_FORMAT = "dwarf-with-dsym";
				ENABLE_STRICT_OBJC_MSGSEND = YES;
				ENABLE_TESTABILITY = YES;
				ENABLE_USER_SCRIPT_SANDBOXING = YES;
				GCC_C_LANGUAGE_STANDARD = gnu17;
				GCC_DYNAMIC_NO_PIC = NO;
				GCC_NO_COMMON_BLOCKS = YES;
				GCC_OPTIMIZATION_LEVEL = 0;
				GCC_PREPROCESSOR_DEFINITIONS = (
					"DEBUG=1",
					"$(inherited)",
				);
				GCC_WARN_64_TO_32_BIT_CONVERSION = YES;
				GCC_WARN_ABOUT_RETURN_TYPE = YES_ERROR;
				GCC_WARN_UNDECLARED_SELECTOR = YES;
				GCC_WARN_UNINITIALIZED_AUTOS = YES_AGGRESSIVE;
				GCC_WARN_UNUSED_FUNCTION = YES;
				GCC_WARN_UNUSED_VARIABLE = YES;
				IPHONEOS_DEPLOYMENT_TARGET = 18.0;
				LOCALIZATION_PREFERS_STRING_CATALOGS = YES;
				MTL_ENABLE_DEBUG_INFO = INCLUDE_SOURCE;
				MTL_FAST_MATH = YES;
				ONLY_ACTIVE_ARCH = YES;
				SDKROOT = iphoneos;
				SWIFT_ACTIVE_COMPILATION_CONDITIONS = "DEBUG $(inherited)";
				SWIFT_OPTIMIZATION_LEVEL = "-Onone";
			};
			name = Debug;
		};
		A7099B0C2CA991CF00314440 /* Release */ = {
			isa = XCBuildConfiguration;
			buildSettings = {
				ALWAYS_SEARCH_USER_PATHS = NO;
				ASSETCATALOG_COMPILER_GENERATE_SWIFT_ASSET_SYMBOL_EXTENSIONS = YES;
				CLANG_ANALYZER_NONNULL = YES;
				CLANG_ANALYZER_NUMBER_OBJECT_CONVERSION = YES_AGGRESSIVE;
				CLANG_CXX_LANGUAGE_STANDARD = "gnu++20";
				CLANG_ENABLE_MODULES = YES;
				CLANG_ENABLE_OBJC_ARC = YES;
				CLANG_ENABLE_OBJC_WEAK = YES;
				CLANG_WARN_BLOCK_CAPTURE_AUTORELEASING = YES;
				CLANG_WARN_BOOL_CONVERSION = YES;
				CLANG_WARN_COMMA = YES;
				CLANG_WARN_CONSTANT_CONVERSION = YES;
				CLANG_WARN_DEPRECATED_OBJC_IMPLEMENTATIONS = YES;
				CLANG_WARN_DIRECT_OBJC_ISA_USAGE = YES_ERROR;
				CLANG_WARN_DOCUMENTATION_COMMENTS = YES;
				CLANG_WARN_EMPTY_BODY = YES;
				CLANG_WARN_ENUM_CONVERSION = YES;
				CLANG_WARN_INFINITE_RECURSION = YES;
				CLANG_WARN_INT_CONVERSION = YES;
				CLANG_WARN_NON_LITERAL_NULL_CONVERSION = YES;
				CLANG_WARN_OBJC_IMPLICIT_RETAIN_SELF = YES;
				CLANG_WARN_OBJC_LITERAL_CONVERSION = YES;
				CLANG_WARN_OBJC_ROOT_CLASS = YES_ERROR;
				CLANG_WARN_QUOTED_INCLUDE_IN_FRAMEWORK_HEADER = YES;
				CLANG_WARN_RANGE_LOOP_ANALYSIS = YES;
				CLANG_WARN_STRICT_PROTOTYPES = YES;
				CLANG_WARN_SUSPICIOUS_MOVE = YES;
				CLANG_WARN_UNGUARDED_AVAILABILITY = YES_AGGRESSIVE;
				CLANG_WARN_UNREACHABLE_CODE = YES;
				CLANG_WARN__DUPLICATE_METHOD_MATCH = YES;
				COPY_PHASE_STRIP = NO;
				DEBUG_INFORMATION_FORMAT = "dwarf-with-dsym";
				ENABLE_NS_ASSERTIONS = NO;
				ENABLE_STRICT_OBJC_MSGSEND = YES;
				ENABLE_USER_SCRIPT_SANDBOXING = YES;
				GCC_C_LANGUAGE_STANDARD = gnu17;
				GCC_NO_COMMON_BLOCKS = YES;
				GCC_WARN_64_TO_32_BIT_CONVERSION = YES;
				GCC_WARN_ABOUT_RETURN_TYPE = YES_ERROR;
				GCC_WARN_UNDECLARED_SELECTOR = YES;
				GCC_WARN_UNINITIALIZED_AUTOS = YES_AGGRESSIVE;
				GCC_WARN_UNUSED_FUNCTION = YES;
				GCC_WARN_UNUSED_VARIABLE = YES;
				IPHONEOS_DEPLOYMENT_TARGET = 18.0;
				LOCALIZATION_PREFERS_STRING_CATALOGS = YES;
				MTL_ENABLE_DEBUG_INFO = NO;
				MTL_FAST_MATH = YES;
				SDKROOT = iphoneos;
				SWIFT_COMPILATION_MODE = wholemodule;
				VALIDATE_PRODUCT = YES;
			};
			name = Release;
		};
		A7099B0E2CA991CF00314440 /* Debug */ = {
			isa = XCBuildConfiguration;
			buildSettings = {
				ASSETCATALOG_COMPILER_APPICON_NAME = AppIcon;
				ASSETCATALOG_COMPILER_GLOBAL_ACCENT_COLOR_NAME = AccentColor;
				CODE_SIGN_ENTITLEMENTS = "Pfadi Seesturm/Pfadi Seesturm.entitlements";
				CODE_SIGN_STYLE = Automatic;
				CURRENT_PROJECT_VERSION = 20;
				DEBUG_INFORMATION_FORMAT = "dwarf-with-dsym";
				DEVELOPMENT_ASSET_PATHS = "\"Pfadi Seesturm/Preview Content\"";
				DEVELOPMENT_TEAM = 59Q8LQSZVR;
				ENABLE_PREVIEWS = YES;
				ENABLE_USER_SCRIPT_SANDBOXING = NO;
				GENERATE_INFOPLIST_FILE = YES;
				INFOPLIST_FILE = "Pfadi-Seesturm-Info.plist";
				INFOPLIST_KEY_CFBundleDisplayName = "";
				INFOPLIST_KEY_LSApplicationCategoryType = "public.app-category.lifestyle";
				INFOPLIST_KEY_NSLocationWhenInUseUsageDescription = "Dein Standort wird benötigt, um nachzuweisen, dass du dich beim Pfadiheim befindest.";
				INFOPLIST_KEY_UIApplicationSceneManifest_Generation = YES;
				INFOPLIST_KEY_UIApplicationSupportsIndirectInputEvents = YES;
				INFOPLIST_KEY_UIStatusBarHidden = YES;
				INFOPLIST_KEY_UISupportedInterfaceOrientations = UIInterfaceOrientationPortrait;
				INFOPLIST_KEY_UISupportedInterfaceOrientations_iPad = UIInterfaceOrientationPortrait;
				IPHONEOS_DEPLOYMENT_TARGET = 16.0;
				LD_RUNPATH_SEARCH_PATHS = (
					"$(inherited)",
					"@executable_path/Frameworks",
				);
				MARKETING_VERSION = 2.0.0;
				PRODUCT_BUNDLE_IDENTIFIER = "ch.seesturm.Pfadi-Seesturm-App";
				PRODUCT_NAME = "$(TARGET_NAME)";
				SUPPORTED_PLATFORMS = "iphoneos iphonesimulator";
				SUPPORTS_MACCATALYST = NO;
				SUPPORTS_MAC_DESIGNED_FOR_IPHONE_IPAD = NO;
				SUPPORTS_XR_DESIGNED_FOR_IPHONE_IPAD = NO;
				SWIFT_EMIT_LOC_STRINGS = YES;
				SWIFT_VERSION = 5.0;
				TARGETED_DEVICE_FAMILY = 1;
			};
			name = Debug;
		};
		A7099B0F2CA991CF00314440 /* Release */ = {
			isa = XCBuildConfiguration;
			buildSettings = {
				ASSETCATALOG_COMPILER_APPICON_NAME = AppIcon;
				ASSETCATALOG_COMPILER_GLOBAL_ACCENT_COLOR_NAME = AccentColor;
				CODE_SIGN_ENTITLEMENTS = "Pfadi Seesturm/Pfadi Seesturm.entitlements";
				CODE_SIGN_STYLE = Automatic;
				CURRENT_PROJECT_VERSION = 20;
				DEVELOPMENT_ASSET_PATHS = "\"Pfadi Seesturm/Preview Content\"";
				DEVELOPMENT_TEAM = 59Q8LQSZVR;
				ENABLE_PREVIEWS = YES;
				ENABLE_USER_SCRIPT_SANDBOXING = NO;
				GENERATE_INFOPLIST_FILE = YES;
				INFOPLIST_FILE = "Pfadi-Seesturm-Info.plist";
				INFOPLIST_KEY_CFBundleDisplayName = "";
				INFOPLIST_KEY_LSApplicationCategoryType = "public.app-category.lifestyle";
				INFOPLIST_KEY_NSLocationWhenInUseUsageDescription = "Dein Standort wird benötigt, um nachzuweisen, dass du dich beim Pfadiheim befindest.";
				INFOPLIST_KEY_UIApplicationSceneManifest_Generation = YES;
				INFOPLIST_KEY_UIApplicationSupportsIndirectInputEvents = YES;
				INFOPLIST_KEY_UIStatusBarHidden = YES;
				INFOPLIST_KEY_UISupportedInterfaceOrientations = UIInterfaceOrientationPortrait;
				INFOPLIST_KEY_UISupportedInterfaceOrientations_iPad = UIInterfaceOrientationPortrait;
				IPHONEOS_DEPLOYMENT_TARGET = 16.0;
				LD_RUNPATH_SEARCH_PATHS = (
					"$(inherited)",
					"@executable_path/Frameworks",
				);
				MARKETING_VERSION = 2.0.0;
				PRODUCT_BUNDLE_IDENTIFIER = "ch.seesturm.Pfadi-Seesturm-App";
				PRODUCT_NAME = "$(TARGET_NAME)";
				SUPPORTED_PLATFORMS = "iphoneos iphonesimulator";
				SUPPORTS_MACCATALYST = NO;
				SUPPORTS_MAC_DESIGNED_FOR_IPHONE_IPAD = NO;
				SUPPORTS_XR_DESIGNED_FOR_IPHONE_IPAD = NO;
				SWIFT_EMIT_LOC_STRINGS = YES;
				SWIFT_VERSION = 5.0;
				TARGETED_DEVICE_FAMILY = 1;
			};
			name = Release;
		};
		A7099B112CA991CF00314440 /* Debug */ = {
			isa = XCBuildConfiguration;
			buildSettings = {
				BUNDLE_LOADER = "$(TEST_HOST)";
				CODE_SIGN_STYLE = Automatic;
				CURRENT_PROJECT_VERSION = 1;
				DEVELOPMENT_TEAM = 59Q8LQSZVR;
				GENERATE_INFOPLIST_FILE = YES;
				IPHONEOS_DEPLOYMENT_TARGET = 18.0;
				MARKETING_VERSION = 1.0;
				PRODUCT_BUNDLE_IDENTIFIER = "ch.seesturm.Pfadi-SeesturmTests";
				PRODUCT_NAME = "$(TARGET_NAME)";
				SWIFT_EMIT_LOC_STRINGS = NO;
				SWIFT_VERSION = 5.0;
				TARGETED_DEVICE_FAMILY = "1,2";
				TEST_HOST = "$(BUILT_PRODUCTS_DIR)/Pfadi Seesturm.app/$(BUNDLE_EXECUTABLE_FOLDER_PATH)/Pfadi Seesturm";
			};
			name = Debug;
		};
		A7099B122CA991CF00314440 /* Release */ = {
			isa = XCBuildConfiguration;
			buildSettings = {
				BUNDLE_LOADER = "$(TEST_HOST)";
				CODE_SIGN_STYLE = Automatic;
				CURRENT_PROJECT_VERSION = 1;
				DEVELOPMENT_TEAM = 59Q8LQSZVR;
				GENERATE_INFOPLIST_FILE = YES;
				IPHONEOS_DEPLOYMENT_TARGET = 18.0;
				MARKETING_VERSION = 1.0;
				PRODUCT_BUNDLE_IDENTIFIER = "ch.seesturm.Pfadi-SeesturmTests";
				PRODUCT_NAME = "$(TARGET_NAME)";
				SWIFT_EMIT_LOC_STRINGS = NO;
				SWIFT_VERSION = 5.0;
				TARGETED_DEVICE_FAMILY = "1,2";
				TEST_HOST = "$(BUILT_PRODUCTS_DIR)/Pfadi Seesturm.app/$(BUNDLE_EXECUTABLE_FOLDER_PATH)/Pfadi Seesturm";
			};
			name = Release;
		};
		A7099B142CA991CF00314440 /* Debug */ = {
			isa = XCBuildConfiguration;
			buildSettings = {
				CODE_SIGN_STYLE = Automatic;
				CURRENT_PROJECT_VERSION = 1;
				DEVELOPMENT_TEAM = 59Q8LQSZVR;
				GENERATE_INFOPLIST_FILE = YES;
				MARKETING_VERSION = 1.0;
				PRODUCT_BUNDLE_IDENTIFIER = "ch.seesturm.Pfadi-SeesturmUITests";
				PRODUCT_NAME = "$(TARGET_NAME)";
				SWIFT_EMIT_LOC_STRINGS = NO;
				SWIFT_VERSION = 5.0;
				TARGETED_DEVICE_FAMILY = "1,2";
				TEST_TARGET_NAME = "Pfadi Seesturm";
			};
			name = Debug;
		};
		A7099B152CA991CF00314440 /* Release */ = {
			isa = XCBuildConfiguration;
			buildSettings = {
				CODE_SIGN_STYLE = Automatic;
				CURRENT_PROJECT_VERSION = 1;
				DEVELOPMENT_TEAM = 59Q8LQSZVR;
				GENERATE_INFOPLIST_FILE = YES;
				MARKETING_VERSION = 1.0;
				PRODUCT_BUNDLE_IDENTIFIER = "ch.seesturm.Pfadi-SeesturmUITests";
				PRODUCT_NAME = "$(TARGET_NAME)";
				SWIFT_EMIT_LOC_STRINGS = NO;
				SWIFT_VERSION = 5.0;
				TARGETED_DEVICE_FAMILY = "1,2";
				TEST_TARGET_NAME = "Pfadi Seesturm";
			};
			name = Release;
		};
/* End XCBuildConfiguration section */

/* Begin XCConfigurationList section */
		A7099AE42CA991CE00314440 /* Build configuration list for PBXProject "Pfadi Seesturm" */ = {
			isa = XCConfigurationList;
			buildConfigurations = (
				A7099B0B2CA991CF00314440 /* Debug */,
				A7099B0C2CA991CF00314440 /* Release */,
			);
			defaultConfigurationIsVisible = 0;
			defaultConfigurationName = Release;
		};
		A7099B0D2CA991CF00314440 /* Build configuration list for PBXNativeTarget "Pfadi Seesturm" */ = {
			isa = XCConfigurationList;
			buildConfigurations = (
				A7099B0E2CA991CF00314440 /* Debug */,
				A7099B0F2CA991CF00314440 /* Release */,
			);
			defaultConfigurationIsVisible = 0;
			defaultConfigurationName = Release;
		};
		A7099B102CA991CF00314440 /* Build configuration list for PBXNativeTarget "Pfadi SeesturmTests" */ = {
			isa = XCConfigurationList;
			buildConfigurations = (
				A7099B112CA991CF00314440 /* Debug */,
				A7099B122CA991CF00314440 /* Release */,
			);
			defaultConfigurationIsVisible = 0;
			defaultConfigurationName = Release;
		};
		A7099B132CA991CF00314440 /* Build configuration list for PBXNativeTarget "Pfadi SeesturmUITests" */ = {
			isa = XCConfigurationList;
			buildConfigurations = (
				A7099B142CA991CF00314440 /* Debug */,
				A7099B152CA991CF00314440 /* Release */,
			);
			defaultConfigurationIsVisible = 0;
			defaultConfigurationName = Release;
		};
/* End XCConfigurationList section */

/* Begin XCRemoteSwiftPackageReference section */
		A72F3F552D21D56F00B46CD4 /* XCRemoteSwiftPackageReference "swift-rich-html-editor" */ = {
			isa = XCRemoteSwiftPackageReference;
			repositoryURL = "https://github.com/Infomaniak/swift-rich-html-editor.git";
			requirement = {
				kind = upToNextMajorVersion;
				minimumVersion = 1.4.1;
			};
		};
		A79CA7962CCC100400D6A883 /* XCRemoteSwiftPackageReference "RichText" */ = {
			isa = XCRemoteSwiftPackageReference;
			repositoryURL = "https://github.com/NuPlay/RichText.git";
			requirement = {
				kind = upToNextMajorVersion;
				minimumVersion = 2.4.1;
			};
		};
		A7B4CFE32D0DF5950077561F /* XCRemoteSwiftPackageReference "AppAuth-iOS" */ = {
			isa = XCRemoteSwiftPackageReference;
			repositoryURL = "https://github.com/openid/AppAuth-iOS.git";
			requirement = {
				kind = upToNextMajorVersion;
				minimumVersion = 1.7.6;
			};
		};
		A7D5C0132D1A9DD700377D0F /* XCRemoteSwiftPackageReference "firebase-ios-sdk" */ = {
			isa = XCRemoteSwiftPackageReference;
			repositoryURL = "https://github.com/firebase/firebase-ios-sdk";
			requirement = {
				kind = upToNextMajorVersion;
				minimumVersion = 11.6.0;
			};
		};
		A7EC10502CBFB7B80018D5A6 /* XCRemoteSwiftPackageReference "Kingfisher" */ = {
			isa = XCRemoteSwiftPackageReference;
			repositoryURL = "https://github.com/onevcat/Kingfisher.git";
			requirement = {
				kind = upToNextMajorVersion;
				minimumVersion = 8.1.0;
			};
		};
/* End XCRemoteSwiftPackageReference section */

/* Begin XCSwiftPackageProductDependency section */
		A72F3F562D21D56F00B46CD4 /* InfomaniakRichHTMLEditor */ = {
			isa = XCSwiftPackageProductDependency;
			package = A72F3F552D21D56F00B46CD4 /* XCRemoteSwiftPackageReference "swift-rich-html-editor" */;
			productName = InfomaniakRichHTMLEditor;
		};
		A79CA7972CCC100400D6A883 /* RichText */ = {
			isa = XCSwiftPackageProductDependency;
			package = A79CA7962CCC100400D6A883 /* XCRemoteSwiftPackageReference "RichText" */;
			productName = RichText;
		};
		A7B4CFE42D0DF5950077561F /* AppAuth */ = {
			isa = XCSwiftPackageProductDependency;
			package = A7B4CFE32D0DF5950077561F /* XCRemoteSwiftPackageReference "AppAuth-iOS" */;
			productName = AppAuth;
		};
		A7B4CFE62D0DF5950077561F /* AppAuthCore */ = {
			isa = XCSwiftPackageProductDependency;
			package = A7B4CFE32D0DF5950077561F /* XCRemoteSwiftPackageReference "AppAuth-iOS" */;
			productName = AppAuthCore;
		};
		A7B4CFE82D0DF5950077561F /* AppAuthTV */ = {
			isa = XCSwiftPackageProductDependency;
			package = A7B4CFE32D0DF5950077561F /* XCRemoteSwiftPackageReference "AppAuth-iOS" */;
			productName = AppAuthTV;
		};
		A7D5C0142D1A9DD700377D0F /* FirebaseAnalytics */ = {
			isa = XCSwiftPackageProductDependency;
			package = A7D5C0132D1A9DD700377D0F /* XCRemoteSwiftPackageReference "firebase-ios-sdk" */;
			productName = FirebaseAnalytics;
		};
		A7D5C0162D1A9DD700377D0F /* FirebaseAnalyticsOnDeviceConversion */ = {
			isa = XCSwiftPackageProductDependency;
			package = A7D5C0132D1A9DD700377D0F /* XCRemoteSwiftPackageReference "firebase-ios-sdk" */;
			productName = FirebaseAnalyticsOnDeviceConversion;
		};
		A7D5C0182D1A9DD700377D0F /* FirebaseAnalyticsWithoutAdIdSupport */ = {
			isa = XCSwiftPackageProductDependency;
			package = A7D5C0132D1A9DD700377D0F /* XCRemoteSwiftPackageReference "firebase-ios-sdk" */;
			productName = FirebaseAnalyticsWithoutAdIdSupport;
		};
		A7D5C01A2D1A9DD700377D0F /* FirebaseAppCheck */ = {
			isa = XCSwiftPackageProductDependency;
			package = A7D5C0132D1A9DD700377D0F /* XCRemoteSwiftPackageReference "firebase-ios-sdk" */;
			productName = FirebaseAppCheck;
		};
		A7D5C01C2D1A9DD700377D0F /* FirebaseAppDistribution-Beta */ = {
			isa = XCSwiftPackageProductDependency;
			package = A7D5C0132D1A9DD700377D0F /* XCRemoteSwiftPackageReference "firebase-ios-sdk" */;
			productName = "FirebaseAppDistribution-Beta";
		};
		A7D5C01E2D1A9DD700377D0F /* FirebaseAuth */ = {
			isa = XCSwiftPackageProductDependency;
			package = A7D5C0132D1A9DD700377D0F /* XCRemoteSwiftPackageReference "firebase-ios-sdk" */;
			productName = FirebaseAuth;
		};
		A7D5C0202D1A9DD700377D0F /* FirebaseAuthCombine-Community */ = {
			isa = XCSwiftPackageProductDependency;
			package = A7D5C0132D1A9DD700377D0F /* XCRemoteSwiftPackageReference "firebase-ios-sdk" */;
			productName = "FirebaseAuthCombine-Community";
		};
		A7D5C0222D1A9DD700377D0F /* FirebaseCore */ = {
			isa = XCSwiftPackageProductDependency;
			package = A7D5C0132D1A9DD700377D0F /* XCRemoteSwiftPackageReference "firebase-ios-sdk" */;
			productName = FirebaseCore;
		};
		A7D5C0242D1A9DD700377D0F /* FirebaseCrashlytics */ = {
			isa = XCSwiftPackageProductDependency;
			package = A7D5C0132D1A9DD700377D0F /* XCRemoteSwiftPackageReference "firebase-ios-sdk" */;
			productName = FirebaseCrashlytics;
		};
		A7D5C0262D1A9DD700377D0F /* FirebaseDatabase */ = {
			isa = XCSwiftPackageProductDependency;
			package = A7D5C0132D1A9DD700377D0F /* XCRemoteSwiftPackageReference "firebase-ios-sdk" */;
			productName = FirebaseDatabase;
		};
		A7D5C0282D1A9DD700377D0F /* FirebaseDynamicLinks */ = {
			isa = XCSwiftPackageProductDependency;
			package = A7D5C0132D1A9DD700377D0F /* XCRemoteSwiftPackageReference "firebase-ios-sdk" */;
			productName = FirebaseDynamicLinks;
		};
		A7D5C02A2D1A9DD700377D0F /* FirebaseFirestore */ = {
			isa = XCSwiftPackageProductDependency;
			package = A7D5C0132D1A9DD700377D0F /* XCRemoteSwiftPackageReference "firebase-ios-sdk" */;
			productName = FirebaseFirestore;
		};
		A7D5C02C2D1A9DD700377D0F /* FirebaseFirestoreCombine-Community */ = {
			isa = XCSwiftPackageProductDependency;
			package = A7D5C0132D1A9DD700377D0F /* XCRemoteSwiftPackageReference "firebase-ios-sdk" */;
			productName = "FirebaseFirestoreCombine-Community";
		};
		A7D5C02E2D1A9DD700377D0F /* FirebaseFunctions */ = {
			isa = XCSwiftPackageProductDependency;
			package = A7D5C0132D1A9DD700377D0F /* XCRemoteSwiftPackageReference "firebase-ios-sdk" */;
			productName = FirebaseFunctions;
		};
		A7D5C0302D1A9DD700377D0F /* FirebaseFunctionsCombine-Community */ = {
			isa = XCSwiftPackageProductDependency;
			package = A7D5C0132D1A9DD700377D0F /* XCRemoteSwiftPackageReference "firebase-ios-sdk" */;
			productName = "FirebaseFunctionsCombine-Community";
		};
		A7D5C0322D1A9DD700377D0F /* FirebaseInAppMessaging-Beta */ = {
			isa = XCSwiftPackageProductDependency;
			package = A7D5C0132D1A9DD700377D0F /* XCRemoteSwiftPackageReference "firebase-ios-sdk" */;
			productName = "FirebaseInAppMessaging-Beta";
		};
		A7D5C0342D1A9DD700377D0F /* FirebaseInstallations */ = {
			isa = XCSwiftPackageProductDependency;
			package = A7D5C0132D1A9DD700377D0F /* XCRemoteSwiftPackageReference "firebase-ios-sdk" */;
			productName = FirebaseInstallations;
		};
		A7D5C0362D1A9DD700377D0F /* FirebaseMLModelDownloader */ = {
			isa = XCSwiftPackageProductDependency;
			package = A7D5C0132D1A9DD700377D0F /* XCRemoteSwiftPackageReference "firebase-ios-sdk" */;
			productName = FirebaseMLModelDownloader;
		};
		A7D5C0382D1A9DD700377D0F /* FirebaseMessaging */ = {
			isa = XCSwiftPackageProductDependency;
			package = A7D5C0132D1A9DD700377D0F /* XCRemoteSwiftPackageReference "firebase-ios-sdk" */;
			productName = FirebaseMessaging;
		};
		A7D5C03A2D1A9DD700377D0F /* FirebasePerformance */ = {
			isa = XCSwiftPackageProductDependency;
			package = A7D5C0132D1A9DD700377D0F /* XCRemoteSwiftPackageReference "firebase-ios-sdk" */;
			productName = FirebasePerformance;
		};
		A7D5C03C2D1A9DD700377D0F /* FirebaseRemoteConfig */ = {
			isa = XCSwiftPackageProductDependency;
			package = A7D5C0132D1A9DD700377D0F /* XCRemoteSwiftPackageReference "firebase-ios-sdk" */;
			productName = FirebaseRemoteConfig;
		};
		A7D5C03E2D1A9DD700377D0F /* FirebaseStorage */ = {
			isa = XCSwiftPackageProductDependency;
			package = A7D5C0132D1A9DD700377D0F /* XCRemoteSwiftPackageReference "firebase-ios-sdk" */;
			productName = FirebaseStorage;
		};
		A7D5C0402D1A9DD700377D0F /* FirebaseStorageCombine-Community */ = {
			isa = XCSwiftPackageProductDependency;
			package = A7D5C0132D1A9DD700377D0F /* XCRemoteSwiftPackageReference "firebase-ios-sdk" */;
			productName = "FirebaseStorageCombine-Community";
		};
		A7D5C0422D1A9DD700377D0F /* FirebaseVertexAI */ = {
			isa = XCSwiftPackageProductDependency;
			package = A7D5C0132D1A9DD700377D0F /* XCRemoteSwiftPackageReference "firebase-ios-sdk" */;
			productName = FirebaseVertexAI;
		};
		A7EC10512CBFB7B80018D5A6 /* Kingfisher */ = {
			isa = XCSwiftPackageProductDependency;
			package = A7EC10502CBFB7B80018D5A6 /* XCRemoteSwiftPackageReference "Kingfisher" */;
			productName = Kingfisher;
		};
/* End XCSwiftPackageProductDependency section */
	};
	rootObject = A7099AE12CA991CE00314440 /* Project object */;
}
